
Microsoft Visual Studio Solution File, Format Version 12.00
# Visual Studio Version 17
VisualStudioVersion = 17.11.35327.3
MinimumVisualStudioVersion = 10.0.40219.1
Project("{FAE04EC0-301F-11D3-BF4B-00C04F79EFBC}") = "AppConsola2", "AppConsola2.csproj", "{7E1D1B60-E488-4571-B578-CCA527B888D0}"
EndProject
Global
	GlobalSection(SolutionConfigurationPlatforms) = preSolution
		Debug|Any CPU = Debug|Any CPU
		Release|Any CPU = Release|Any CPU
	EndGlobalSection
	GlobalSection(ProjectConfigurationPlatforms) = postSolution
		{7E1D1B60-E488-4571-B578-CCA527B888D0}.Debug|Any CPU.ActiveCfg = Debug|Any CPU
		{7E1D1B60-E488-4571-B578-CCA527B888D0}.Debug|Any CPU.Build.0 = Debug|Any CPU
		{7E1D1B60-E488-4571-B578-CCA527B888D0}.Release|Any CPU.ActiveCfg = Release|Any CPU
		{7E1D1B60-E488-4571-B578-CCA527B888D0}.Release|Any CPU.Build.0 = Release|Any CPU
	EndGlobalSection
	GlobalSection(SolutionProperties) = preSolution
		HideSolutionNode = FALSE
	EndGlobalSection
	GlobalSection(ExtensibilityGlobals) = postSolution
		SolutionGuid = {FA4DF405-C7BD-4852-AEDF-2C09250A1141}
	EndGlobalSection
EndGlobal
