
Microsoft Visual Studio Solution File, Format Version 12.00
# Visual Studio Version 17
VisualStudioVersion = 17.11.35327.3
MinimumVisualStudioVersion = 10.0.40219.1
Project("{FAE04EC0-301F-11D3-BF4B-00C04F79EFBC}") = "Repaso_Northwind", "Repaso_Northwind.csproj", "{CFF4D9AB-200E-4CF8-9E36-BDDF010F9E7B}"
EndProject
Global
	GlobalSection(SolutionConfigurationPlatforms) = preSolution
		Debug|Any CPU = Debug|Any CPU
		Release|Any CPU = Release|Any CPU
	EndGlobalSection
	GlobalSection(ProjectConfigurationPlatforms) = postSolution
		{CFF4D9AB-200E-4CF8-9E36-BDDF010F9E7B}.Debug|Any CPU.ActiveCfg = Debug|Any CPU
		{CFF4D9AB-200E-4CF8-9E36-BDDF010F9E7B}.Debug|Any CPU.Build.0 = Debug|Any CPU
		{CFF4D9AB-200E-4CF8-9E36-BDDF010F9E7B}.Release|Any CPU.ActiveCfg = Release|Any CPU
		{CFF4D9AB-200E-4CF8-9E36-BDDF010F9E7B}.Release|Any CPU.Build.0 = Release|Any CPU
	EndGlobalSection
	GlobalSection(SolutionProperties) = preSolution
		HideSolutionNode = FALSE
	EndGlobalSection
	GlobalSection(ExtensibilityGlobals) = postSolution
		SolutionGuid = {B01BEFBB-B8B1-4979-9F95-9C33AB15CC75}
	EndGlobalSection
EndGlobal
