
Microsoft Visual Studio Solution File, Format Version 12.00
# Visual Studio Version 17
VisualStudioVersion = 17.11.35327.3
MinimumVisualStudioVersion = 10.0.40219.1
Project("{FAE04EC0-301F-11D3-BF4B-00C04F79EFBC}") = "RentacarDefinitivo", "RentacarDefinitivo.csproj", "{20D70F3A-D846-4609-868A-2A012D9A6A9C}"
EndProject
Global
	GlobalSection(SolutionConfigurationPlatforms) = preSolution
		Debug|Any CPU = Debug|Any CPU
		Release|Any CPU = Release|Any CPU
	EndGlobalSection
	GlobalSection(ProjectConfigurationPlatforms) = postSolution
		{20D70F3A-D846-4609-868A-2A012D9A6A9C}.Debug|Any CPU.ActiveCfg = Debug|Any CPU
		{20D70F3A-D846-4609-868A-2A012D9A6A9C}.Debug|Any CPU.Build.0 = Debug|Any CPU
		{20D70F3A-D846-4609-868A-2A012D9A6A9C}.Release|Any CPU.ActiveCfg = Release|Any CPU
		{20D70F3A-D846-4609-868A-2A012D9A6A9C}.Release|Any CPU.Build.0 = Release|Any CPU
	EndGlobalSection
	GlobalSection(SolutionProperties) = preSolution
		HideSolutionNode = FALSE
	EndGlobalSection
	GlobalSection(ExtensibilityGlobals) = postSolution
		SolutionGuid = {90D02C4A-8BD4-48AD-B91F-2B84F56136EE}
	EndGlobalSection
EndGlobal
